
Microsoft Visual Studio Solution File, Format Version 12.00
# Visual Studio Version 17
VisualStudioVersion = 17.3.32825.248
MinimumVisualStudioVersion = 10.0.40219.1
Project("{FAE04EC0-301F-11D3-BF4B-00C04F79EFBC}") = "BlazorApp1", "BlazorApp1\BlazorApp1.csproj", "{B24B69AB-284A-4E19-BAF6-EA346A1E4413}"
EndProject
Global
	GlobalSection(SolutionConfigurationPlatforms) = preSolution
		Debug|Any CPU = Debug|Any CPU
		Release|Any CPU = Release|Any CPU
	EndGlobalSection
	GlobalSection(ProjectConfigurationPlatforms) = postSolution
		{B24B69AB-284A-4E19-BAF6-EA346A1E4413}.Debug|Any CPU.ActiveCfg = Debug|Any CPU
		{B24B69AB-284A-4E19-BAF6-EA346A1E4413}.Debug|Any CPU.Build.0 = Debug|Any CPU
		{B24B69AB-284A-4E19-BAF6-EA346A1E4413}.Release|Any CPU.ActiveCfg = Release|Any CPU
		{B24B69AB-284A-4E19-BAF6-EA346A1E4413}.Release|Any CPU.Build.0 = Release|Any CPU
	EndGlobalSection
	GlobalSection(SolutionProperties) = preSolution
		HideSolutionNode = FALSE
	EndGlobalSection
	GlobalSection(ExtensibilityGlobals) = postSolution
		SolutionGuid = {F2E27CC2-D93D-4EF9-AFC2-624DE7028012}
	EndGlobalSection
EndGlobal
